
Microsoft Visual Studio Solution File, Format Version 10.00
# Visual C# Express 2008
Project("{FAE04EC0-301F-11D3-BF4B-00C04F79EFBC}") = "SSIS_DataFlow", "SSIS_DataFlow.csproj", "{D6B94545-B618-47A5-A00D-31FD896AB533}"
EndProject
Global
	GlobalSection(SolutionConfigurationPlatforms) = preSolution
		Debug|Any CPU = Debug|Any CPU
		Release|Any CPU = Release|Any CPU
	EndGlobalSection
	GlobalSection(ProjectConfigurationPlatforms) = postSolution
		{D6B94545-B618-47A5-A00D-31FD896AB533}.Debug|Any CPU.ActiveCfg = Debug|Any CPU
		{D6B94545-B618-47A5-A00D-31FD896AB533}.Debug|Any CPU.Build.0 = Debug|Any CPU
		{D6B94545-B618-47A5-A00D-31FD896AB533}.Release|Any CPU.ActiveCfg = Release|Any CPU
		{D6B94545-B618-47A5-A00D-31FD896AB533}.Release|Any CPU.Build.0 = Release|Any CPU
	EndGlobalSection
	GlobalSection(SolutionProperties) = preSolution
		HideSolutionNode = FALSE
	EndGlobalSection
EndGlobal
